
Microsoft Visual Studio Solution File, Format Version 12.00
# Visual Studio Version 16
VisualStudioVersion = 16.0.29306.81
MinimumVisualStudioVersion = 10.0.40219.1
Project("{FAE04EC0-301F-11D3-BF4B-00C04F79EFBC}") = "DataAccessLayer", "CapaAccesoDatos\DataAccessLayer.csproj", "{72438088-DAE4-4E8F-961E-D0624DEBBFE3}"
EndProject
Project("{FAE04EC0-301F-11D3-BF4B-00C04F79EFBC}") = "BusinessLayer", "CapaNegocio\BusinessLayer.csproj", "{9557D91A-B041-4E41-8696-7FDC8F63354A}"
EndProject
Project("{FAE04EC0-301F-11D3-BF4B-00C04F79EFBC}") = "Entities", "Entidades\Entities.csproj", "{89A77BE4-3B87-4E0F-8AED-761F66CBD7E9}"
EndProject
Project("{FAE04EC0-301F-11D3-BF4B-00C04F79EFBC}") = "ViewLayer", "CapaPresentacion\ViewLayer.csproj", "{8EBA88A4-23DC-4B05-8492-2D26BFA8902D}"
EndProject
Project("{54435603-DBB4-11D2-8724-00A0C9A8B90C}") = "setup", "setup\setup.vdproj", "{D80AC353-9BAD-4376-BBC7-76F3DBCF53E5}"
EndProject
Global
	GlobalSection(SolutionConfigurationPlatforms) = preSolution
		Debug|Any CPU = Debug|Any CPU
		Release|Any CPU = Release|Any CPU
	EndGlobalSection
	GlobalSection(ProjectConfigurationPlatforms) = postSolution
		{72438088-DAE4-4E8F-961E-D0624DEBBFE3}.Debug|Any CPU.ActiveCfg = Debug|Any CPU
		{72438088-DAE4-4E8F-961E-D0624DEBBFE3}.Debug|Any CPU.Build.0 = Debug|Any CPU
		{72438088-DAE4-4E8F-961E-D0624DEBBFE3}.Release|Any CPU.ActiveCfg = Release|Any CPU
		{72438088-DAE4-4E8F-961E-D0624DEBBFE3}.Release|Any CPU.Build.0 = Release|Any CPU
		{9557D91A-B041-4E41-8696-7FDC8F63354A}.Debug|Any CPU.ActiveCfg = Debug|Any CPU
		{9557D91A-B041-4E41-8696-7FDC8F63354A}.Debug|Any CPU.Build.0 = Debug|Any CPU
		{9557D91A-B041-4E41-8696-7FDC8F63354A}.Release|Any CPU.ActiveCfg = Release|Any CPU
		{9557D91A-B041-4E41-8696-7FDC8F63354A}.Release|Any CPU.Build.0 = Release|Any CPU
		{89A77BE4-3B87-4E0F-8AED-761F66CBD7E9}.Debug|Any CPU.ActiveCfg = Debug|Any CPU
		{89A77BE4-3B87-4E0F-8AED-761F66CBD7E9}.Debug|Any CPU.Build.0 = Debug|Any CPU
		{89A77BE4-3B87-4E0F-8AED-761F66CBD7E9}.Release|Any CPU.ActiveCfg = Release|Any CPU
		{89A77BE4-3B87-4E0F-8AED-761F66CBD7E9}.Release|Any CPU.Build.0 = Release|Any CPU
		{8EBA88A4-23DC-4B05-8492-2D26BFA8902D}.Debug|Any CPU.ActiveCfg = Debug|Any CPU
		{8EBA88A4-23DC-4B05-8492-2D26BFA8902D}.Debug|Any CPU.Build.0 = Debug|Any CPU
		{8EBA88A4-23DC-4B05-8492-2D26BFA8902D}.Release|Any CPU.ActiveCfg = Release|Any CPU
		{8EBA88A4-23DC-4B05-8492-2D26BFA8902D}.Release|Any CPU.Build.0 = Release|Any CPU
		{D80AC353-9BAD-4376-BBC7-76F3DBCF53E5}.Debug|Any CPU.ActiveCfg = Debug
		{D80AC353-9BAD-4376-BBC7-76F3DBCF53E5}.Release|Any CPU.ActiveCfg = Release
	EndGlobalSection
	GlobalSection(SolutionProperties) = preSolution
		HideSolutionNode = FALSE
	EndGlobalSection
	GlobalSection(ExtensibilityGlobals) = postSolution
		SolutionGuid = {8B4CF38E-DBBE-4329-BEED-F254631CDA0A}
	EndGlobalSection
EndGlobal
